
Microsoft Visual Studio Solution File, Format Version 12.00
# Visual Studio Version 16
VisualStudioVersion = 16.0.31729.503
MinimumVisualStudioVersion = 10.0.40219.1
Project("{FAE04EC0-301F-11D3-BF4B-00C04F79EFBC}") = "task3", "task3\task3.csproj", "{04C65AE5-28C5-40B3-AC3B-4095FA78D18C}"
EndProject
Global
	GlobalSection(SolutionConfigurationPlatforms) = preSolution
		Debug|Any CPU = Debug|Any CPU
		Release|Any CPU = Release|Any CPU
	EndGlobalSection
	GlobalSection(ProjectConfigurationPlatforms) = postSolution
		{04C65AE5-28C5-40B3-AC3B-4095FA78D18C}.Debug|Any CPU.ActiveCfg = Debug|Any CPU
		{04C65AE5-28C5-40B3-AC3B-4095FA78D18C}.Debug|Any CPU.Build.0 = Debug|Any CPU
		{04C65AE5-28C5-40B3-AC3B-4095FA78D18C}.Release|Any CPU.ActiveCfg = Release|Any CPU
		{04C65AE5-28C5-40B3-AC3B-4095FA78D18C}.Release|Any CPU.Build.0 = Release|Any CPU
	EndGlobalSection
	GlobalSection(SolutionProperties) = preSolution
		HideSolutionNode = FALSE
	EndGlobalSection
	GlobalSection(ExtensibilityGlobals) = postSolution
		SolutionGuid = {D6517208-AE3A-4A8A-8B4E-40E0FD6ACF6B}
	EndGlobalSection
EndGlobal
