
Microsoft Visual Studio Solution File, Format Version 12.00
# Visual Studio Version 16
VisualStudioVersion = 16.0.31729.503
MinimumVisualStudioVersion = 10.0.40219.1
Project("{FAE04EC0-301F-11D3-BF4B-00C04F79EFBC}") = "task2", "task2\task2.csproj", "{4E8FF6F7-4F28-4C48-8724-41219C69C88D}"
EndProject
Global
	GlobalSection(SolutionConfigurationPlatforms) = preSolution
		Debug|Any CPU = Debug|Any CPU
		Release|Any CPU = Release|Any CPU
	EndGlobalSection
	GlobalSection(ProjectConfigurationPlatforms) = postSolution
		{4E8FF6F7-4F28-4C48-8724-41219C69C88D}.Debug|Any CPU.ActiveCfg = Debug|Any CPU
		{4E8FF6F7-4F28-4C48-8724-41219C69C88D}.Debug|Any CPU.Build.0 = Debug|Any CPU
		{4E8FF6F7-4F28-4C48-8724-41219C69C88D}.Release|Any CPU.ActiveCfg = Release|Any CPU
		{4E8FF6F7-4F28-4C48-8724-41219C69C88D}.Release|Any CPU.Build.0 = Release|Any CPU
	EndGlobalSection
	GlobalSection(SolutionProperties) = preSolution
		HideSolutionNode = FALSE
	EndGlobalSection
	GlobalSection(ExtensibilityGlobals) = postSolution
		SolutionGuid = {A3FE64F1-3FCF-435B-A16E-76E54F4EB294}
	EndGlobalSection
EndGlobal
